
Microsoft Visual Studio Solution File, Format Version 12.00
# Visual Studio Version 17
VisualStudioVersion = 17.6.33815.320
MinimumVisualStudioVersion = 10.0.40219.1
Project("{9A19103F-16F7-4668-BE54-9A1E7A4F7556}") = "BookShoppingCartMvcUI", "BookShoppingCartMvcUI.csproj", "{5CE69F9F-D269-4FD3-973B-29192B7F7B5B}"
EndProject
Global
	GlobalSection(SolutionConfigurationPlatforms) = preSolution
		Debug|Any CPU = Debug|Any CPU
		Release|Any CPU = Release|Any CPU
	EndGlobalSection
	GlobalSection(ProjectConfigurationPlatforms) = postSolution
		{5CE69F9F-D269-4FD3-973B-29192B7F7B5B}.Debug|Any CPU.ActiveCfg = Debug|Any CPU
		{5CE69F9F-D269-4FD3-973B-29192B7F7B5B}.Debug|Any CPU.Build.0 = Debug|Any CPU
		{5CE69F9F-D269-4FD3-973B-29192B7F7B5B}.Release|Any CPU.ActiveCfg = Release|Any CPU
		{5CE69F9F-D269-4FD3-973B-29192B7F7B5B}.Release|Any CPU.Build.0 = Release|Any CPU
	EndGlobalSection
	GlobalSection(SolutionProperties) = preSolution
		HideSolutionNode = FALSE
	EndGlobalSection
	GlobalSection(ExtensibilityGlobals) = postSolution
		SolutionGuid = {2959789D-6CEC-473A-B072-ADD3E0848140}
	EndGlobalSection
EndGlobal
